PODS:
  - FBSDKCoreKit (7.0.0):
    - FBSDKCoreKit/Basics (= 7.0.0)
    - FBSDKCoreKit/Core (= 7.0.0)
  - FBSDKCoreKit/Basics (7.0.0)
  - FBSDKCoreKit/Core (7.0.0):
    - FBSDKCoreKit/Basics
  - FBSDKShareKit (7.0.0):
    - FBSDKShareKit/Share (= 7.0.0)
  - FBSDKShareKit/Share (7.0.0):
    - FBSDKCoreKit (~> 7.0.0)

DEPENDENCIES:
  - FBSDKCoreKit
  - FBSDKShareKit

SPEC REPOS:
  trunk:
    - FBSDKCoreKit
    - FBSDKShareKit

SPEC CHECKSUMS:
  FBSDKCoreKit: 8ad31cd09f793d1d7e84cf20fd6cebfe80ad318d
  FBSDKShareKit: 7ec93bf49516a91513d64863f54121155bbd7f78

PODFILE CHECKSUM: c21cb773991eacbe7ba59d7905de7e108020f2dc

COCOAPODS: 1.8.4
